
Microsoft Visual Studio Solution File, Format Version 12.00
# Visual Studio Version 16
VisualStudioVersion = 16.0.31624.102
MinimumVisualStudioVersion = 10.0.40219.1
Project("{FAE04EC0-301F-11D3-BF4B-00C04F79EFBC}") = "Concurso de preguntas y respuestas", "Concurso de preguntas y respuestas\Concurso de preguntas y respuestas.csproj", "{6E5B5BC0-4226-4A95-9D48-2FB4BE462A39}"
EndProject
Global
	GlobalSection(SolutionConfigurationPlatforms) = preSolution
		Debug|Any CPU = Debug|Any CPU
		Release|Any CPU = Release|Any CPU
	EndGlobalSection
	GlobalSection(ProjectConfigurationPlatforms) = postSolution
		{6E5B5BC0-4226-4A95-9D48-2FB4BE462A39}.Debug|Any CPU.ActiveCfg = Debug|Any CPU
		{6E5B5BC0-4226-4A95-9D48-2FB4BE462A39}.Debug|Any CPU.Build.0 = Debug|Any CPU
		{6E5B5BC0-4226-4A95-9D48-2FB4BE462A39}.Release|Any CPU.ActiveCfg = Release|Any CPU
		{6E5B5BC0-4226-4A95-9D48-2FB4BE462A39}.Release|Any CPU.Build.0 = Release|Any CPU
	EndGlobalSection
	GlobalSection(SolutionProperties) = preSolution
		HideSolutionNode = FALSE
	EndGlobalSection
	GlobalSection(ExtensibilityGlobals) = postSolution
		SolutionGuid = {A154F7FC-7D2F-443D-BC02-D85C17C48EE1}
	EndGlobalSection
EndGlobal
